
Microsoft Visual Studio Solution File, Format Version 12.00
# Visual Studio Version 16
VisualStudioVersion = 16.0.29215.179
MinimumVisualStudioVersion = 10.0.40219.1
Project("{2150E333-8FDC-42A3-9474-1A3956D46DE8}") = "Foundation", "Foundation", "{1B130FC3-D441-48DB-9A60-129D3BCD1DBD}"
EndProject
Project("{2150E333-8FDC-42A3-9474-1A3956D46DE8}") = "Feature", "Feature", "{2C467653-376D-4C96-8827-F9B91AF2FC7F}"
EndProject
Project("{2150E333-8FDC-42A3-9474-1A3956D46DE8}") = "Project", "Project", "{4D3B2EC1-E39D-4E4C-9EA7-9D99257EED2E}"
EndProject
Project("{2150E333-8FDC-42A3-9474-1A3956D46DE8}") = "WestPharmaUS", "WestPharmaUS", "{22FF3A27-B1F6-455E-92F5-B4AE2155FF53}"
EndProject
Project("{2150E333-8FDC-42A3-9474-1A3956D46DE8}") = "WestPharmaEU", "WestPharmaEU", "{B7E2E45C-2045-47F2-9A86-EBD06F623420}"
EndProject
Project("{FAE04EC0-301F-11D3-BF4B-00C04F79EFBC}") = "WestPharma.Project.WestPharmaEU", "src\Project\WestPharmaEU\code\WestPharma.Project.WestPharmaEU.csproj", "{F3761716-9703-4A7B-B435-17181ED090DC}"
EndProject
Project("{FAE04EC0-301F-11D3-BF4B-00C04F79EFBC}") = "WestPharma.Project.WestPharmaUS", "src\Project\WestPharmaUS\code\WestPharma.Project.WestPharmaUS.csproj", "{6128C1DD-40A5-4C9F-98CE-07B8BA961122}"
EndProject
Project("{FAE04EC0-301F-11D3-BF4B-00C04F79EFBC}") = "WestPharma.Feature.Search", "src\Feature\Search\code\WestPharma.Feature.Search.csproj", "{D31C21EB-57A2-4EFA-AA02-A4BEB454BBD7}"
EndProject
Project("{FAE04EC0-301F-11D3-BF4B-00C04F79EFBC}") = "WestPharma.Foundation.Indexing", "src\Foundation\Indexing\code\WestPharma.Foundation.Indexing.csproj", "{CB5ACA91-00D7-451C-B7D8-36F2183AD29D}"
EndProject
Project("{FAE04EC0-301F-11D3-BF4B-00C04F79EFBC}") = "WestPharma.Feature.Accounts", "src\Feature\Accounts\code\WestPharma.Feature.Accounts.csproj", "{E74911EF-8CEE-441D-B8E3-1BD977CCA30E}"
EndProject
Project("{FAE04EC0-301F-11D3-BF4B-00C04F79EFBC}") = "WestPharma.Foundation.ExternalWebRequests", "src\Foundation\Webrequest\code\WestPharma.Foundation.ExternalWebRequests.csproj", "{B6D99293-1766-4F86-96D1-B9BB5CC0EC5D}"
EndProject
Project("{FAE04EC0-301F-11D3-BF4B-00C04F79EFBC}") = "WestPharma.Feature.FeedImport", "src\Feature\FeedImport\code\WestPharma.Feature.FeedImport.csproj", "{5DE8E9A7-8D89-44B1-9A83-0351916271D7}"
EndProject
Project("{2150E333-8FDC-42A3-9474-1A3956D46DE8}") = "Accounts", "Accounts", "{0D5C9050-A1F7-429B-9363-F6DFFD9C14C9}"
EndProject
Project("{2150E333-8FDC-42A3-9474-1A3956D46DE8}") = "FeedImport", "FeedImport", "{27914018-8F8E-4A4D-B2FA-B221454BA985}"
EndProject
Project("{2150E333-8FDC-42A3-9474-1A3956D46DE8}") = "Search", "Search", "{BD5EB178-C5ED-42EF-94C6-E7F16304845E}"
EndProject
Project("{FAE04EC0-301F-11D3-BF4B-00C04F79EFBC}") = "WestPharma.Foundation.Indexing.Tests", "src\Foundation\Indexing\Tests\WestPharma.Foundation.Indexing.Tests.csproj", "{F18D2614-A9D5-4BE2-A058-7A1687D40861}"
EndProject
Project("{FAE04EC0-301F-11D3-BF4B-00C04F79EFBC}") = "WestPharma.Feature.Accounts.Tests", "src\Feature\Accounts\Tests\WestPharma.Feature.Accounts.Tests.csproj", "{138E28D7-3CD6-4E6E-9748-BFAAFA2BEF97}"
EndProject
Project("{FAE04EC0-301F-11D3-BF4B-00C04F79EFBC}") = "WestPharma.Feature.FeedImport.Tests", "src\Feature\FeedImport\Tests\WestPharma.Feature.FeedImport.Tests.csproj", "{B615F30E-1743-46F0-83BE-173C6729F094}"
EndProject
Project("{FAE04EC0-301F-11D3-BF4B-00C04F79EFBC}") = "WestPharma.Feature.Search.Tests", "src\Feature\Search\Tests\WestPharma.Feature.Search.Tests.csproj", "{E417FEFC-F457-4E5B-81A8-734E8488FBD2}"
EndProject
Project("{2150E333-8FDC-42A3-9474-1A3956D46DE8}") = "Indexing", "Indexing", "{A661DF68-5387-4B97-AAB0-ADA54FEA6E21}"
EndProject
Project("{2150E333-8FDC-42A3-9474-1A3956D46DE8}") = "ExternalWebRequests", "ExternalWebRequests", "{26DF85B9-E985-4642-B491-3D00FF6A270D}"
EndProject
Project("{FAE04EC0-301F-11D3-BF4B-00C04F79EFBC}") = "WestPharma.Foundation.ExternalWebRequests.Tests", "src\Foundation\Webrequest\Tests\WestPharma.Foundation.ExternalWebRequests.Tests.csproj", "{6809F8B0-315D-4780-B3EC-4606D8072902}"
EndProject
Project("{FAE04EC0-301F-11D3-BF4B-00C04F79EFBC}") = "WestPharma.Feature.Slider", "src\Feature\Slider\code\WestPharma.Feature.Slider.csproj", "{F8F83D43-0113-4D49-B8EF-21BB91312388}"
EndProject
Project("{2150E333-8FDC-42A3-9474-1A3956D46DE8}") = "Slider", "Slider", "{996D4743-63D5-40BD-B887-AE11C9E1EA1D}"
EndProject
Project("{2150E333-8FDC-42A3-9474-1A3956D46DE8}") = "Common", "Common", "{6BB0B476-1BD6-4BA1-AB57-55666CEA9EBE}"
EndProject
Project("{FAE04EC0-301F-11D3-BF4B-00C04F79EFBC}") = "WestPharma.Project.Common", "src\Project\Common\code\WestPharma.Project.Common.csproj", "{32877CFC-F7FD-4EEE-8BEC-1B1F9244D775}"
EndProject
Project("{2150E333-8FDC-42A3-9474-1A3956D46DE8}") = "Accounts", "Accounts", "{1B671948-FDFE-4C1A-9792-469AB0B72DBC}"
EndProject
Project("{FAE04EC0-301F-11D3-BF4B-00C04F79EFBC}") = "WestPharma.Foundation.Accounts", "src\Foundation\Accounts\code\WestPharma.Foundation.Accounts.csproj", "{9EE2153B-9A0E-40F0-86CF-0AF037FDBB0E}"
EndProject
Project("{2150E333-8FDC-42A3-9474-1A3956D46DE8}") = "Common", "Common", "{F15C92F3-E73A-4151-B5BF-DD8830782BF2}"
	ProjectSection(SolutionItems) = preProject
		Documentation.txt = Documentation.txt
	EndProjectSection
EndProject
Global
	GlobalSection(SolutionConfigurationPlatforms) = preSolution
		Debug|Any CPU = Debug|Any CPU
		Release|Any CPU = Release|Any CPU
	EndGlobalSection
	GlobalSection(ProjectConfigurationPlatforms) = postSolution
		{F3761716-9703-4A7B-B435-17181ED090DC}.Debug|Any CPU.ActiveCfg = Debug|Any CPU
		{F3761716-9703-4A7B-B435-17181ED090DC}.Debug|Any CPU.Build.0 = Debug|Any CPU
		{F3761716-9703-4A7B-B435-17181ED090DC}.Release|Any CPU.ActiveCfg = Release|Any CPU
		{F3761716-9703-4A7B-B435-17181ED090DC}.Release|Any CPU.Build.0 = Release|Any CPU
		{6128C1DD-40A5-4C9F-98CE-07B8BA961122}.Debug|Any CPU.ActiveCfg = Debug|Any CPU
		{6128C1DD-40A5-4C9F-98CE-07B8BA961122}.Debug|Any CPU.Build.0 = Debug|Any CPU
		{6128C1DD-40A5-4C9F-98CE-07B8BA961122}.Release|Any CPU.ActiveCfg = Release|Any CPU
		{6128C1DD-40A5-4C9F-98CE-07B8BA961122}.Release|Any CPU.Build.0 = Release|Any CPU
		{D31C21EB-57A2-4EFA-AA02-A4BEB454BBD7}.Debug|Any CPU.ActiveCfg = Debug|Any CPU
		{D31C21EB-57A2-4EFA-AA02-A4BEB454BBD7}.Debug|Any CPU.Build.0 = Debug|Any CPU
		{D31C21EB-57A2-4EFA-AA02-A4BEB454BBD7}.Release|Any CPU.ActiveCfg = Release|Any CPU
		{D31C21EB-57A2-4EFA-AA02-A4BEB454BBD7}.Release|Any CPU.Build.0 = Release|Any CPU
		{CB5ACA91-00D7-451C-B7D8-36F2183AD29D}.Debug|Any CPU.ActiveCfg = Debug|Any CPU
		{CB5ACA91-00D7-451C-B7D8-36F2183AD29D}.Debug|Any CPU.Build.0 = Debug|Any CPU
		{CB5ACA91-00D7-451C-B7D8-36F2183AD29D}.Release|Any CPU.ActiveCfg = Release|Any CPU
		{CB5ACA91-00D7-451C-B7D8-36F2183AD29D}.Release|Any CPU.Build.0 = Release|Any CPU
		{E74911EF-8CEE-441D-B8E3-1BD977CCA30E}.Debug|Any CPU.ActiveCfg = Debug|Any CPU
		{E74911EF-8CEE-441D-B8E3-1BD977CCA30E}.Debug|Any CPU.Build.0 = Debug|Any CPU
		{E74911EF-8CEE-441D-B8E3-1BD977CCA30E}.Release|Any CPU.ActiveCfg = Release|Any CPU
		{E74911EF-8CEE-441D-B8E3-1BD977CCA30E}.Release|Any CPU.Build.0 = Release|Any CPU
		{B6D99293-1766-4F86-96D1-B9BB5CC0EC5D}.Debug|Any CPU.ActiveCfg = Debug|Any CPU
		{B6D99293-1766-4F86-96D1-B9BB5CC0EC5D}.Debug|Any CPU.Build.0 = Debug|Any CPU
		{B6D99293-1766-4F86-96D1-B9BB5CC0EC5D}.Release|Any CPU.ActiveCfg = Release|Any CPU
		{B6D99293-1766-4F86-96D1-B9BB5CC0EC5D}.Release|Any CPU.Build.0 = Release|Any CPU
		{5DE8E9A7-8D89-44B1-9A83-0351916271D7}.Debug|Any CPU.ActiveCfg = Debug|Any CPU
		{5DE8E9A7-8D89-44B1-9A83-0351916271D7}.Debug|Any CPU.Build.0 = Debug|Any CPU
		{5DE8E9A7-8D89-44B1-9A83-0351916271D7}.Release|Any CPU.ActiveCfg = Release|Any CPU
		{5DE8E9A7-8D89-44B1-9A83-0351916271D7}.Release|Any CPU.Build.0 = Release|Any CPU
		{F18D2614-A9D5-4BE2-A058-7A1687D40861}.Debug|Any CPU.ActiveCfg = Debug|Any CPU
		{F18D2614-A9D5-4BE2-A058-7A1687D40861}.Debug|Any CPU.Build.0 = Debug|Any CPU
		{F18D2614-A9D5-4BE2-A058-7A1687D40861}.Release|Any CPU.ActiveCfg = Release|Any CPU
		{F18D2614-A9D5-4BE2-A058-7A1687D40861}.Release|Any CPU.Build.0 = Release|Any CPU
		{138E28D7-3CD6-4E6E-9748-BFAAFA2BEF97}.Debug|Any CPU.ActiveCfg = Debug|Any CPU
		{138E28D7-3CD6-4E6E-9748-BFAAFA2BEF97}.Debug|Any CPU.Build.0 = Debug|Any CPU
		{138E28D7-3CD6-4E6E-9748-BFAAFA2BEF97}.Release|Any CPU.ActiveCfg = Release|Any CPU
		{138E28D7-3CD6-4E6E-9748-BFAAFA2BEF97}.Release|Any CPU.Build.0 = Release|Any CPU
		{B615F30E-1743-46F0-83BE-173C6729F094}.Debug|Any CPU.ActiveCfg = Debug|Any CPU
		{B615F30E-1743-46F0-83BE-173C6729F094}.Debug|Any CPU.Build.0 = Debug|Any CPU
		{B615F30E-1743-46F0-83BE-173C6729F094}.Release|Any CPU.ActiveCfg = Release|Any CPU
		{B615F30E-1743-46F0-83BE-173C6729F094}.Release|Any CPU.Build.0 = Release|Any CPU
		{E417FEFC-F457-4E5B-81A8-734E8488FBD2}.Debug|Any CPU.ActiveCfg = Debug|Any CPU
		{E417FEFC-F457-4E5B-81A8-734E8488FBD2}.Debug|Any CPU.Build.0 = Debug|Any CPU
		{E417FEFC-F457-4E5B-81A8-734E8488FBD2}.Release|Any CPU.ActiveCfg = Release|Any CPU
		{E417FEFC-F457-4E5B-81A8-734E8488FBD2}.Release|Any CPU.Build.0 = Release|Any CPU
		{6809F8B0-315D-4780-B3EC-4606D8072902}.Debug|Any CPU.ActiveCfg = Debug|Any CPU
		{6809F8B0-315D-4780-B3EC-4606D8072902}.Debug|Any CPU.Build.0 = Debug|Any CPU
		{6809F8B0-315D-4780-B3EC-4606D8072902}.Release|Any CPU.ActiveCfg = Release|Any CPU
		{6809F8B0-315D-4780-B3EC-4606D8072902}.Release|Any CPU.Build.0 = Release|Any CPU
		{F8F83D43-0113-4D49-B8EF-21BB91312388}.Debug|Any CPU.ActiveCfg = Debug|Any CPU
		{F8F83D43-0113-4D49-B8EF-21BB91312388}.Debug|Any CPU.Build.0 = Debug|Any CPU
		{F8F83D43-0113-4D49-B8EF-21BB91312388}.Release|Any CPU.ActiveCfg = Release|Any CPU
		{F8F83D43-0113-4D49-B8EF-21BB91312388}.Release|Any CPU.Build.0 = Release|Any CPU
		{32877CFC-F7FD-4EEE-8BEC-1B1F9244D775}.Debug|Any CPU.ActiveCfg = Debug|Any CPU
		{32877CFC-F7FD-4EEE-8BEC-1B1F9244D775}.Debug|Any CPU.Build.0 = Debug|Any CPU
		{32877CFC-F7FD-4EEE-8BEC-1B1F9244D775}.Release|Any CPU.ActiveCfg = Release|Any CPU
		{32877CFC-F7FD-4EEE-8BEC-1B1F9244D775}.Release|Any CPU.Build.0 = Release|Any CPU
		{9EE2153B-9A0E-40F0-86CF-0AF037FDBB0E}.Debug|Any CPU.ActiveCfg = Debug|Any CPU
		{9EE2153B-9A0E-40F0-86CF-0AF037FDBB0E}.Debug|Any CPU.Build.0 = Debug|Any CPU
		{9EE2153B-9A0E-40F0-86CF-0AF037FDBB0E}.Release|Any CPU.ActiveCfg = Release|Any CPU
		{9EE2153B-9A0E-40F0-86CF-0AF037FDBB0E}.Release|Any CPU.Build.0 = Release|Any CPU
	EndGlobalSection
	GlobalSection(SolutionProperties) = preSolution
		HideSolutionNode = FALSE
	EndGlobalSection
	GlobalSection(NestedProjects) = preSolution
		{22FF3A27-B1F6-455E-92F5-B4AE2155FF53} = {4D3B2EC1-E39D-4E4C-9EA7-9D99257EED2E}
		{B7E2E45C-2045-47F2-9A86-EBD06F623420} = {4D3B2EC1-E39D-4E4C-9EA7-9D99257EED2E}
		{F3761716-9703-4A7B-B435-17181ED090DC} = {B7E2E45C-2045-47F2-9A86-EBD06F623420}
		{6128C1DD-40A5-4C9F-98CE-07B8BA961122} = {22FF3A27-B1F6-455E-92F5-B4AE2155FF53}
		{D31C21EB-57A2-4EFA-AA02-A4BEB454BBD7} = {BD5EB178-C5ED-42EF-94C6-E7F16304845E}
		{CB5ACA91-00D7-451C-B7D8-36F2183AD29D} = {A661DF68-5387-4B97-AAB0-ADA54FEA6E21}
		{E74911EF-8CEE-441D-B8E3-1BD977CCA30E} = {0D5C9050-A1F7-429B-9363-F6DFFD9C14C9}
		{B6D99293-1766-4F86-96D1-B9BB5CC0EC5D} = {26DF85B9-E985-4642-B491-3D00FF6A270D}
		{5DE8E9A7-8D89-44B1-9A83-0351916271D7} = {27914018-8F8E-4A4D-B2FA-B221454BA985}
		{0D5C9050-A1F7-429B-9363-F6DFFD9C14C9} = {2C467653-376D-4C96-8827-F9B91AF2FC7F}
		{27914018-8F8E-4A4D-B2FA-B221454BA985} = {2C467653-376D-4C96-8827-F9B91AF2FC7F}
		{BD5EB178-C5ED-42EF-94C6-E7F16304845E} = {2C467653-376D-4C96-8827-F9B91AF2FC7F}
		{F18D2614-A9D5-4BE2-A058-7A1687D40861} = {A661DF68-5387-4B97-AAB0-ADA54FEA6E21}
		{138E28D7-3CD6-4E6E-9748-BFAAFA2BEF97} = {0D5C9050-A1F7-429B-9363-F6DFFD9C14C9}
		{B615F30E-1743-46F0-83BE-173C6729F094} = {27914018-8F8E-4A4D-B2FA-B221454BA985}
		{E417FEFC-F457-4E5B-81A8-734E8488FBD2} = {BD5EB178-C5ED-42EF-94C6-E7F16304845E}
		{A661DF68-5387-4B97-AAB0-ADA54FEA6E21} = {1B130FC3-D441-48DB-9A60-129D3BCD1DBD}
		{26DF85B9-E985-4642-B491-3D00FF6A270D} = {1B130FC3-D441-48DB-9A60-129D3BCD1DBD}
		{6809F8B0-315D-4780-B3EC-4606D8072902} = {26DF85B9-E985-4642-B491-3D00FF6A270D}
		{F8F83D43-0113-4D49-B8EF-21BB91312388} = {996D4743-63D5-40BD-B887-AE11C9E1EA1D}
		{996D4743-63D5-40BD-B887-AE11C9E1EA1D} = {2C467653-376D-4C96-8827-F9B91AF2FC7F}
		{6BB0B476-1BD6-4BA1-AB57-55666CEA9EBE} = {4D3B2EC1-E39D-4E4C-9EA7-9D99257EED2E}
		{32877CFC-F7FD-4EEE-8BEC-1B1F9244D775} = {6BB0B476-1BD6-4BA1-AB57-55666CEA9EBE}
		{1B671948-FDFE-4C1A-9792-469AB0B72DBC} = {1B130FC3-D441-48DB-9A60-129D3BCD1DBD}
		{9EE2153B-9A0E-40F0-86CF-0AF037FDBB0E} = {1B671948-FDFE-4C1A-9792-469AB0B72DBC}
	EndGlobalSection
	GlobalSection(ExtensibilityGlobals) = postSolution
		SolutionGuid = {19C94344-0D30-4711-AAEF-31D57270D0AA}
	EndGlobalSection
EndGlobal
